// !$*UTF8*$!
{
	archiveVersion = 1;
	classes = {
	};
	objectVersion = 55;
	objects = {

/* Begin PBXBuildFile section */
		0B784CCA2875B2D700E00B6B /* FirebaseFirestore in Frameworks */ = {isa = PBXBuildFile; productRef = 0B784CC92875B2D700E00B6B /* FirebaseFirestore */; };
		0B9107782882BF1700CE2B61 /* LoginUseCase.swift in Sources */ = {isa = PBXBuildFile; fileRef = 0B9107772882BF1700CE2B61 /* LoginUseCase.swift */; };
		0B91077A2882BFDF00CE2B61 /* RecoverPasswordUseCase.swift in Sources */ = {isa = PBXBuildFile; fileRef = 0B9107792882BFDF00CE2B61 /* RecoverPasswordUseCase.swift */; };
		0B91077C2882BFEE00CE2B61 /* RegisterUserUseCase.swift in Sources */ = {isa = PBXBuildFile; fileRef = 0B91077B2882BFEE00CE2B61 /* RegisterUserUseCase.swift */; };
		0B91077E2882C1E100CE2B61 /* UsersRepository.swift in Sources */ = {isa = PBXBuildFile; fileRef = 0B91077D2882C1E100CE2B61 /* UsersRepository.swift */; };
		0B9107882882DEA100CE2B61 /* User.swift in Sources */ = {isa = PBXBuildFile; fileRef = 0B9107872882DEA100CE2B61 /* User.swift */; };
		0BA5D00A2858DD70009F7BCB /* FirebaseAnalytics in Frameworks */ = {isa = PBXBuildFile; productRef = 0BA5D0092858DD70009F7BCB /* FirebaseAnalytics */; };
		0BA5D00C2858DD70009F7BCB /* FirebaseAnalyticsSwift in Frameworks */ = {isa = PBXBuildFile; productRef = 0BA5D00B2858DD70009F7BCB /* FirebaseAnalyticsSwift */; };
		0BA5D00E2858E017009F7BCB /* GoogleService-Info.plist in Resources */ = {isa = PBXBuildFile; fileRef = 0BA5D00D2858E017009F7BCB /* GoogleService-Info.plist */; };
		0BA5D0112858E5BE009F7BCB /* FirebaseAuth in Frameworks */ = {isa = PBXBuildFile; productRef = 0BA5D0102858E5BE009F7BCB /* FirebaseAuth */; };
		24238AC8287226460026C52A /* Product.swift in Sources */ = {isa = PBXBuildFile; fileRef = 24238AC7287226460026C52A /* Product.swift */; };
		24238ACA287229740026C52A /* ProductsView.swift in Sources */ = {isa = PBXBuildFile; fileRef = 24238AC9287229740026C52A /* ProductsView.swift */; };
		24238ACC287229B30026C52A /* ProductsViewModel.swift in Sources */ = {isa = PBXBuildFile; fileRef = 24238ACB287229B30026C52A /* ProductsViewModel.swift */; };
		24238AD02872D21F0026C52A /* TabBarView.swift in Sources */ = {isa = PBXBuildFile; fileRef = 24238ACF2872D21F0026C52A /* TabBarView.swift */; };
		24238C40287B3DD30026C52A /* BaseNetwork.swift in Sources */ = {isa = PBXBuildFile; fileRef = 24238C3F287B3DD30026C52A /* BaseNetwork.swift */; };
		24271781288444C200504F95 /* FirebaseFirestore in Frameworks */ = {isa = PBXBuildFile; productRef = 24271780288444C200504F95 /* FirebaseFirestore */; };
		24271784288470A700504F95 /* ProductView.swift in Sources */ = {isa = PBXBuildFile; fileRef = 24271783288470A700504F95 /* ProductView.swift */; };
		2436F20D2884373800ACE4AC /* PhotoViewModel.swift in Sources */ = {isa = PBXBuildFile; fileRef = 2436F20C2884373800ACE4AC /* PhotoViewModel.swift */; };
		244C967528548625006F2A51 /* Shoes4uApp.swift in Sources */ = {isa = PBXBuildFile; fileRef = 244C967428548625006F2A51 /* Shoes4uApp.swift */; };
		244C96792854862B006F2A51 /* Assets.xcassets in Resources */ = {isa = PBXBuildFile; fileRef = 244C96782854862B006F2A51 /* Assets.xcassets */; };
		244C967C2854862B006F2A51 /* Preview Assets.xcassets in Resources */ = {isa = PBXBuildFile; fileRef = 244C967B2854862B006F2A51 /* Preview Assets.xcassets */; };
		244C96862854862B006F2A51 /* Shoes4uTests.swift in Sources */ = {isa = PBXBuildFile; fileRef = 244C96852854862B006F2A51 /* Shoes4uTests.swift */; };
		244C96902854862B006F2A51 /* Shoes4uUITests.swift in Sources */ = {isa = PBXBuildFile; fileRef = 244C968F2854862B006F2A51 /* Shoes4uUITests.swift */; };
		244C96922854862B006F2A51 /* Shoes4uUITestsLaunchTests.swift in Sources */ = {isa = PBXBuildFile; fileRef = 244C96912854862B006F2A51 /* Shoes4uUITestsLaunchTests.swift */; };
		244C96A128548883006F2A51 /* KeychainSwift in Frameworks */ = {isa = PBXBuildFile; productRef = 244C96A028548883006F2A51 /* KeychainSwift */; };
		24FA8D3B2886084700CECADF /* FirebaseFirestoreSwift in Frameworks */ = {isa = PBXBuildFile; productRef = 24FA8D3A2886084700CECADF /* FirebaseFirestoreSwift */; };
/* End PBXBuildFile section */

/* Begin PBXContainerItemProxy section */
		244C96822854862B006F2A51 /* PBXContainerItemProxy */ = {
			isa = PBXContainerItemProxy;
			containerPortal = 244C966928548625006F2A51 /* Project object */;
			proxyType = 1;
			remoteGlobalIDString = 244C967028548625006F2A51;
			remoteInfo = Shoes4u;
		};
		244C968C2854862B006F2A51 /* PBXContainerItemProxy */ = {
			isa = PBXContainerItemProxy;
			containerPortal = 244C966928548625006F2A51 /* Project object */;
			proxyType = 1;
			remoteGlobalIDString = 244C967028548625006F2A51;
			remoteInfo = Shoes4u;
		};
/* End PBXContainerItemProxy section */

/* Begin PBXFileReference section */
		0B9107772882BF1700CE2B61 /* LoginUseCase.swift */ = {isa = PBXFileReference; lastKnownFileType = sourcecode.swift; name = LoginUseCase.swift; path = Shoes4u/Domain/UseCases/LoginUseCase.swift; sourceTree = SOURCE_ROOT; };
		0B9107792882BFDF00CE2B61 /* RecoverPasswordUseCase.swift */ = {isa = PBXFileReference; lastKnownFileType = sourcecode.swift; name = RecoverPasswordUseCase.swift; path = Shoes4u/Domain/UseCases/RecoverPasswordUseCase.swift; sourceTree = SOURCE_ROOT; };
		0B91077B2882BFEE00CE2B61 /* RegisterUserUseCase.swift */ = {isa = PBXFileReference; lastKnownFileType = sourcecode.swift; name = RegisterUserUseCase.swift; path = Shoes4u/Domain/UseCases/RegisterUserUseCase.swift; sourceTree = SOURCE_ROOT; };
		0B91077D2882C1E100CE2B61 /* UsersRepository.swift */ = {isa = PBXFileReference; lastKnownFileType = sourcecode.swift; name = UsersRepository.swift; path = Shoes4u/Data/Repository/UsersRepository.swift; sourceTree = SOURCE_ROOT; };
		0B9107872882DEA100CE2B61 /* User.swift */ = {isa = PBXFileReference; lastKnownFileType = sourcecode.swift; path = User.swift; sourceTree = "<group>"; };
		0BA5D00D2858E017009F7BCB /* GoogleService-Info.plist */ = {isa = PBXFileReference; fileEncoding = 4; lastKnownFileType = text.plist.xml; path = "GoogleService-Info.plist"; sourceTree = "<group>"; };
		24238AC7287226460026C52A /* Product.swift */ = {isa = PBXFileReference; lastKnownFileType = sourcecode.swift; path = Product.swift; sourceTree = "<group>"; };
		24238AC9287229740026C52A /* ProductsView.swift */ = {isa = PBXFileReference; lastKnownFileType = sourcecode.swift; path = ProductsView.swift; sourceTree = "<group>"; };
		24238ACB287229B30026C52A /* ProductsViewModel.swift */ = {isa = PBXFileReference; lastKnownFileType = sourcecode.swift; path = ProductsViewModel.swift; sourceTree = "<group>"; };
		24238ACF2872D21F0026C52A /* TabBarView.swift */ = {isa = PBXFileReference; lastKnownFileType = sourcecode.swift; path = TabBarView.swift; sourceTree = "<group>"; };
		24238C3F287B3DD30026C52A /* BaseNetwork.swift */ = {isa = PBXFileReference; lastKnownFileType = sourcecode.swift; path = BaseNetwork.swift; sourceTree = "<group>"; };
		24271783288470A700504F95 /* ProductView.swift */ = {isa = PBXFileReference; lastKnownFileType = sourcecode.swift; path = ProductView.swift; sourceTree = "<group>"; };
		2436F20C2884373800ACE4AC /* PhotoViewModel.swift */ = {isa = PBXFileReference; lastKnownFileType = sourcecode.swift; path = PhotoViewModel.swift; sourceTree = "<group>"; };
		244C967128548625006F2A51 /* Shoes4u.app */ = {isa = PBXFileReference; explicitFileType = wrapper.application; includeInIndex = 0; path = Shoes4u.app; sourceTree = BUILT_PRODUCTS_DIR; };
		244C967428548625006F2A51 /* Shoes4uApp.swift */ = {isa = PBXFileReference; lastKnownFileType = sourcecode.swift; path = Shoes4uApp.swift; sourceTree = "<group>"; };
		244C96782854862B006F2A51 /* Assets.xcassets */ = {isa = PBXFileReference; lastKnownFileType = folder.assetcatalog; path = Assets.xcassets; sourceTree = "<group>"; };
		244C967B2854862B006F2A51 /* Preview Assets.xcassets */ = {isa = PBXFileReference; lastKnownFileType = folder.assetcatalog; path = "Preview Assets.xcassets"; sourceTree = "<group>"; };
		244C96812854862B006F2A51 /* Shoes4uTests.xctest */ = {isa = PBXFileReference; explicitFileType = wrapper.cfbundle; includeInIndex = 0; path = Shoes4uTests.xctest; sourceTree = BUILT_PRODUCTS_DIR; };
		244C96852854862B006F2A51 /* Shoes4uTests.swift */ = {isa = PBXFileReference; lastKnownFileType = sourcecode.swift; path = Shoes4uTests.swift; sourceTree = "<group>"; };
		244C968B2854862B006F2A51 /* Shoes4uUITests.xctest */ = {isa = PBXFileReference; explicitFileType = wrapper.cfbundle; includeInIndex = 0; path = Shoes4uUITests.xctest; sourceTree = BUILT_PRODUCTS_DIR; };
		244C968F2854862B006F2A51 /* Shoes4uUITests.swift */ = {isa = PBXFileReference; lastKnownFileType = sourcecode.swift; path = Shoes4uUITests.swift; sourceTree = "<group>"; };
		244C96912854862B006F2A51 /* Shoes4uUITestsLaunchTests.swift */ = {isa = PBXFileReference; lastKnownFileType = sourcecode.swift; path = Shoes4uUITestsLaunchTests.swift; sourceTree = "<group>"; };
		244C96A22854894E006F2A51 /* Info.plist */ = {isa = PBXFileReference; lastKnownFileType = text.plist; path = Info.plist; sourceTree = "<group>"; };
/* End PBXFileReference section */

/* Begin PBXFrameworksBuildPhase section */
		244C966E28548625006F2A51 /* Frameworks */ = {
			isa = PBXFrameworksBuildPhase;
			buildActionMask = 2147483647;
			files = (
				0BA5D00C2858DD70009F7BCB /* FirebaseAnalyticsSwift in Frameworks */,
				0BA5D00A2858DD70009F7BCB /* FirebaseAnalytics in Frameworks */,
				244C96A128548883006F2A51 /* KeychainSwift in Frameworks */,
				24271781288444C200504F95 /* FirebaseFirestore in Frameworks */,
				0BA5D0112858E5BE009F7BCB /* FirebaseAuth in Frameworks */,
				24FA8D3B2886084700CECADF /* FirebaseFirestoreSwift in Frameworks */,
			);
			runOnlyForDeploymentPostprocessing = 0;
		};
		244C967E2854862B006F2A51 /* Frameworks */ = {
			isa = PBXFrameworksBuildPhase;
			buildActionMask = 2147483647;
			files = (
			);
			runOnlyForDeploymentPostprocessing = 0;
		};
		244C96882854862B006F2A51 /* Frameworks */ = {
			isa = PBXFrameworksBuildPhase;
			buildActionMask = 2147483647;
			files = (
			);
			runOnlyForDeploymentPostprocessing = 0;
		};
/* End PBXFrameworksBuildPhase section */

/* Begin PBXGroup section */
		0B9107802882DDF200CE2B61 /* ViewModel */ = {
			isa = PBXGroup;
			children = (
				0BD07B42286E3DF7004F2877 /* RootViewModel.swift */,
			);
			path = ViewModel;
			sourceTree = "<group>";
		};
		0B9107812882DE1400CE2B61 /* Data */ = {
			isa = PBXGroup;
			children = (
				24238C3E287B3DBA0026C52A /* Services */,
				0BD07B302869FCF2004F2877 /* UseCases */,
				0BD07B2F2869FCEE004F2877 /* Models */,
			);
			name = Domain;
			sourceTree = "<group>";
		};
		0BD07B2B2869FCA6004F2877 /* Data */ = {
			isa = PBXGroup;
			children = (
				0BD07B332869FD10004F2877 /* DTOs */,
				0BD07B312869FCFC004F2877 /* DataSources */,
				0BD07B342869FD1A004F2877 /* Repositories */,
				0BD07B352869FD44004F2877 /* CoreData */,
			);
			name = Data;
			sourceTree = "<group>";
		};
		0B9107822882DE1A00CE2B61 /* Repository */ = {
			isa = PBXGroup;
			children = (
				0B91077D2882C1E100CE2B61 /* UsersRepository.swift */,
			);
			path = Repository;
			sourceTree = "<group>";
		};
		0B9107832882DE2B00CE2B61 /* Domain */ = {
			isa = PBXGroup;
			children = (
				242717822884707F00504F95 /* Product */,
				24238ACE2872D1FE0026C52A /* TabBar */,
				24238ACD2872D1E00026C52A /* ProductsList */,
			);
			path = Domain;
			sourceTree = "<group>";
		};
		0B9107842882DE4200CE2B61 /* UseCases */ = {
			isa = PBXGroup;
			children = (
				24238ACB287229B30026C52A /* ProductsViewModel.swift */,
				2436F20C2884373800ACE4AC /* PhotoViewModel.swift */,
			);
			name = ViewModels;
			path = ..;
			sourceTree = "<group>";
		};
		0B9107852882DE7900CE2B61 /* Model */ = {
			isa = PBXGroup;
			children = (
				24238AC7287226460026C52A /* Product.swift */,
			);
			name = Models;
			sourceTree = "<group>";
		};
		0B9107862882DE8400CE2B61 /* Objects */ = {
			isa = PBXGroup;
			children = (
				0B9107872882DEA100CE2B61 /* User.swift */,
			);
			name = UseCases;
			sourceTree = "<group>";
		};
		0BA5D00F2858E5BE009F7BCB /* Frameworks */ = {
			isa = PBXGroup;
			children = (
			);
			name = DataSources;
			sourceTree = "<group>";
		};
		0BD07B2C2869FCB4004F2877 /* Presentation */ = {
			isa = PBXGroup;
			children = (
				0BD07B2D2869FCC0004F2877 /* Views */,
				0B9107802882DDF200CE2B61 /* ViewModel */,
			);
			name = DTOs;
			sourceTree = "<group>";
		};
		0BD07B2D2869FCC0004F2877 /* Views */ = {
			isa = PBXGroup;
			children = (
				0BD07B3E286DB1CF004F2877 /* SplashView.swift */,
				244C967628548625006F2A51 /* LoginView.swift */,
				0BD07B40286DB96C004F2877 /* RecoverPasswordView.swift */,
				0BD07B37286A5637004F2877 /* RegisterView.swift */,
				0BD07B49286F3AC3004F2877 /* ProductsView.swift */,
				0BD07B8A2874A0D9004F2877 /* RootView.swift */,
			);
			name = Repositories;
			sourceTree = "<group>";
		};
		0BD07B46286EEB30004F2877 /* Extensions */ = {
			isa = PBXGroup;
			children = (
				0BD07B47286EEB49004F2877 /* Color.swift */,
			);
			name = CoreData;
			sourceTree = "<group>";
		};
		24238ACD2872D1E00026C52A /* ProductsList */ = {
			isa = PBXGroup;
			children = (
				24238AC9287229740026C52A /* ProductsView.swift */,
			);
			path = ProductsList;
			sourceTree = "<group>";
		};
		24238ACE2872D1FE0026C52A /* TabBar */ = {
			isa = PBXGroup;
			children = (
				24238ACF2872D21F0026C52A /* TabBarView.swift */,
			);
			path = TabBar;
			sourceTree = "<group>";
		};
		24238C3E287B3DBA0026C52A /* Services */ = {
			isa = PBXGroup;
			children = (
				24238C3F287B3DD30026C52A /* BaseNetwork.swift */,
			);
			path = Services;
			sourceTree = "<group>";
		};
		242717822884707F00504F95 /* Product */ = {
			isa = PBXGroup;
			children = (
				24271783288470A700504F95 /* ProductView.swift */,
			);
			path = Product;
			sourceTree = "<group>";
		};
		244C966828548625006F2A51 = {
			isa = PBXGroup;
			children = (
				244C967328548625006F2A51 /* Shoes4u */,
				244C96842854862B006F2A51 /* Shoes4uTests */,
				244C968E2854862B006F2A51 /* Shoes4uUITests */,
				244C967228548625006F2A51 /* Products */,
				0BA5D00F2858E5BE009F7BCB /* Frameworks */,
			);
			sourceTree = "<group>";
		};
		244C967228548625006F2A51 /* Products */ = {
			isa = PBXGroup;
			children = (
				244C967128548625006F2A51 /* Shoes4u.app */,
				244C96812854862B006F2A51 /* Shoes4uTests.xctest */,
				244C968B2854862B006F2A51 /* Shoes4uUITests.xctest */,
			);
			name = Products;
			sourceTree = "<group>";
		};
		244C967328548625006F2A51 /* Shoes4u */ = {
			isa = PBXGroup;
			children = (
				0B9107832882DE2B00CE2B61 /* Domain */,
				0B9107812882DE1400CE2B61 /* Data */,
				244C967428548625006F2A51 /* Shoes4uApp.swift */,
				0BD07B2C2869FCB4004F2877 /* Presentation */,
				0BD07B46286EEB30004F2877 /* Extensions */,
				244C96A22854894E006F2A51 /* Info.plist */,
				0BA5D00D2858E017009F7BCB /* GoogleService-Info.plist */,
				244C96782854862B006F2A51 /* Assets.xcassets */,
				244C967A2854862B006F2A51 /* Preview Content */,
			);
			path = Shoes4u;
			sourceTree = "<group>";
		};
		244C967A2854862B006F2A51 /* Preview Content */ = {
			isa = PBXGroup;
			children = (
				244C967B2854862B006F2A51 /* Preview Assets.xcassets */,
			);
			path = "Preview Content";
			sourceTree = "<group>";
		};
		244C96842854862B006F2A51 /* Shoes4uTests */ = {
			isa = PBXGroup;
			children = (
				244C96852854862B006F2A51 /* Shoes4uTests.swift */,
			);
			path = Shoes4uTests;
			sourceTree = "<group>";
		};
		244C968E2854862B006F2A51 /* Shoes4uUITests */ = {
			isa = PBXGroup;
			children = (
				244C968F2854862B006F2A51 /* Shoes4uUITests.swift */,
				244C96912854862B006F2A51 /* Shoes4uUITestsLaunchTests.swift */,
			);
			path = Shoes4uUITests;
			sourceTree = "<group>";
		};
/* End PBXGroup section */

/* Begin PBXNativeTarget section */
		244C967028548625006F2A51 /* Shoes4u */ = {
			isa = PBXNativeTarget;
			buildConfigurationList = 244C96952854862B006F2A51 /* Build configuration list for PBXNativeTarget "Shoes4u" */;
			buildPhases = (
				244C966D28548625006F2A51 /* Sources */,
				244C966E28548625006F2A51 /* Frameworks */,
				244C966F28548625006F2A51 /* Resources */,
			);
			buildRules = (
			);
			dependencies = (
			);
			name = Shoes4u;
			packageProductDependencies = (
				244C96A028548883006F2A51 /* KeychainSwift */,
				0BA5D0092858DD70009F7BCB /* FirebaseAnalytics */,
				0BA5D00B2858DD70009F7BCB /* FirebaseAnalyticsSwift */,
				0BA5D0102858E5BE009F7BCB /* FirebaseAuth */,
				24271780288444C200504F95 /* FirebaseFirestore */,
				24FA8D3A2886084700CECADF /* FirebaseFirestoreSwift */,
			);
			productName = Shoes4u;
			productReference = 244C967128548625006F2A51 /* Shoes4u.app */;
			productType = "com.apple.product-type.application";
		};
		244C96802854862B006F2A51 /* Shoes4uTests */ = {
			isa = PBXNativeTarget;
			buildConfigurationList = 244C96982854862B006F2A51 /* Build configuration list for PBXNativeTarget "Shoes4uTests" */;
			buildPhases = (
				244C967D2854862B006F2A51 /* Sources */,
				244C967E2854862B006F2A51 /* Frameworks */,
				244C967F2854862B006F2A51 /* Resources */,
			);
			buildRules = (
			);
			dependencies = (
				244C96832854862B006F2A51 /* PBXTargetDependency */,
			);
			name = Shoes4uTests;
			productName = Shoes4uTests;
			productReference = 244C96812854862B006F2A51 /* Shoes4uTests.xctest */;
			productType = "com.apple.product-type.bundle.unit-test";
		};
		244C968A2854862B006F2A51 /* Shoes4uUITests */ = {
			isa = PBXNativeTarget;
			buildConfigurationList = 244C969B2854862B006F2A51 /* Build configuration list for PBXNativeTarget "Shoes4uUITests" */;
			buildPhases = (
				244C96872854862B006F2A51 /* Sources */,
				244C96882854862B006F2A51 /* Frameworks */,
				244C96892854862B006F2A51 /* Resources */,
			);
			buildRules = (
			);
			dependencies = (
				244C968D2854862B006F2A51 /* PBXTargetDependency */,
			);
			name = Shoes4uUITests;
			productName = Shoes4uUITests;
			productReference = 244C968B2854862B006F2A51 /* Shoes4uUITests.xctest */;
			productType = "com.apple.product-type.bundle.ui-testing";
		};
/* End PBXNativeTarget section */

/* Begin PBXProject section */
		244C966928548625006F2A51 /* Project object */ = {
			isa = PBXProject;
			attributes = {
				BuildIndependentTargetsInParallel = 1;
				LastSwiftUpdateCheck = 1340;
				LastUpgradeCheck = 1340;
				TargetAttributes = {
					244C967028548625006F2A51 = {
						CreatedOnToolsVersion = 13.4.1;
					};
					244C96802854862B006F2A51 = {
						CreatedOnToolsVersion = 13.4.1;
						TestTargetID = 244C967028548625006F2A51;
					};
					244C968A2854862B006F2A51 = {
						CreatedOnToolsVersion = 13.4.1;
						TestTargetID = 244C967028548625006F2A51;
					};
				};
			};
			buildConfigurationList = 244C966C28548625006F2A51 /* Build configuration list for PBXProject "Shoes4u" */;
			compatibilityVersion = "Xcode 13.0";
			developmentRegion = en;
			hasScannedForEncodings = 0;
			knownRegions = (
				en,
				Base,
			);
			mainGroup = 244C966828548625006F2A51;
			packageReferences = (
				244C969F28548883006F2A51 /* XCRemoteSwiftPackageReference "keychain-swift" */,
				0BA5D0082858DD70009F7BCB /* XCRemoteSwiftPackageReference "firebase-ios-sdk" */,
			);
			productRefGroup = 244C967228548625006F2A51 /* Products */;
			projectDirPath = "";
			projectRoot = "";
			targets = (
				244C967028548625006F2A51 /* Shoes4u */,
				244C96802854862B006F2A51 /* Shoes4uTests */,
				244C968A2854862B006F2A51 /* Shoes4uUITests */,
			);
		};
/* End PBXProject section */

/* Begin PBXResourcesBuildPhase section */
		244C966F28548625006F2A51 /* Resources */ = {
			isa = PBXResourcesBuildPhase;
			buildActionMask = 2147483647;
			files = (
				244C967C2854862B006F2A51 /* Preview Assets.xcassets in Resources */,
				244C96792854862B006F2A51 /* Assets.xcassets in Resources */,
				0BA5D00E2858E017009F7BCB /* GoogleService-Info.plist in Resources */,
			);
			runOnlyForDeploymentPostprocessing = 0;
		};
		244C967F2854862B006F2A51 /* Resources */ = {
			isa = PBXResourcesBuildPhase;
			buildActionMask = 2147483647;
			files = (
			);
			runOnlyForDeploymentPostprocessing = 0;
		};
		244C96892854862B006F2A51 /* Resources */ = {
			isa = PBXResourcesBuildPhase;
			buildActionMask = 2147483647;
			files = (
			);
			runOnlyForDeploymentPostprocessing = 0;
		};
/* End PBXResourcesBuildPhase section */

/* Begin PBXSourcesBuildPhase section */
		244C966D28548625006F2A51 /* Sources */ = {
			isa = PBXSourcesBuildPhase;
			buildActionMask = 2147483647;
			files = (
				24271784288470A700504F95 /* ProductView.swift in Sources */,
				24238ACA287229740026C52A /* ProductsView.swift in Sources */,
				244C967528548625006F2A51 /* Shoes4uApp.swift in Sources */,
				2436F20D2884373800ACE4AC /* PhotoViewModel.swift in Sources */,
				24238ACC287229B30026C52A /* ProductsViewModel.swift in Sources */,
				24238C40287B3DD30026C52A /* BaseNetwork.swift in Sources */,
				24238AD02872D21F0026C52A /* TabBarView.swift in Sources */,
				24238AC8287226460026C52A /* Product.swift in Sources */,
			);
			runOnlyForDeploymentPostprocessing = 0;
		};
		244C967D2854862B006F2A51 /* Sources */ = {
			isa = PBXSourcesBuildPhase;
			buildActionMask = 2147483647;
			files = (
				244C96862854862B006F2A51 /* Shoes4uTests.swift in Sources */,
			);
			runOnlyForDeploymentPostprocessing = 0;
		};
		244C96872854862B006F2A51 /* Sources */ = {
			isa = PBXSourcesBuildPhase;
			buildActionMask = 2147483647;
			files = (
				244C96922854862B006F2A51 /* Shoes4uUITestsLaunchTests.swift in Sources */,
				244C96902854862B006F2A51 /* Shoes4uUITests.swift in Sources */,
			);
			runOnlyForDeploymentPostprocessing = 0;
		};
/* End PBXSourcesBuildPhase section */

/* Begin PBXTargetDependency section */
		244C96832854862B006F2A51 /* PBXTargetDependency */ = {
			isa = PBXTargetDependency;
			target = 244C967028548625006F2A51 /* Shoes4u */;
			targetProxy = 244C96822854862B006F2A51 /* PBXContainerItemProxy */;
		};
		244C968D2854862B006F2A51 /* PBXTargetDependency */ = {
			isa = PBXTargetDependency;
			target = 244C967028548625006F2A51 /* Shoes4u */;
			targetProxy = 244C968C2854862B006F2A51 /* PBXContainerItemProxy */;
		};
/* End PBXTargetDependency section */

/* Begin XCBuildConfiguration section */
		244C96932854862B006F2A51 /* Debug */ = {
			isa = XCBuildConfiguration;
			buildSettings = {
				ALWAYS_SEARCH_USER_PATHS = NO;
				CLANG_ANALYZER_NONNULL = YES;
				CLANG_ANALYZER_NUMBER_OBJECT_CONVERSION = YES_AGGRESSIVE;
				CLANG_CXX_LANGUAGE_STANDARD = "gnu++17";
				CLANG_ENABLE_MODULES = YES;
				CLANG_ENABLE_OBJC_ARC = YES;
				CLANG_ENABLE_OBJC_WEAK = YES;
				CLANG_WARN_BLOCK_CAPTURE_AUTORELEASING = YES;
				CLANG_WARN_BOOL_CONVERSION = YES;
				CLANG_WARN_COMMA = YES;
				CLANG_WARN_CONSTANT_CONVERSION = YES;
				CLANG_WARN_DEPRECATED_OBJC_IMPLEMENTATIONS = YES;
				CLANG_WARN_DIRECT_OBJC_ISA_USAGE = YES_ERROR;
				CLANG_WARN_DOCUMENTATION_COMMENTS = YES;
				CLANG_WARN_EMPTY_BODY = YES;
				CLANG_WARN_ENUM_CONVERSION = YES;
				CLANG_WARN_INFINITE_RECURSION = YES;
				CLANG_WARN_INT_CONVERSION = YES;
				CLANG_WARN_NON_LITERAL_NULL_CONVERSION = YES;
				CLANG_WARN_OBJC_IMPLICIT_RETAIN_SELF = YES;
				CLANG_WARN_OBJC_LITERAL_CONVERSION = YES;
				CLANG_WARN_OBJC_ROOT_CLASS = YES_ERROR;
				CLANG_WARN_QUOTED_INCLUDE_IN_FRAMEWORK_HEADER = YES;
				CLANG_WARN_RANGE_LOOP_ANALYSIS = YES;
				CLANG_WARN_STRICT_PROTOTYPES = YES;
				CLANG_WARN_SUSPICIOUS_MOVE = YES;
				CLANG_WARN_UNGUARDED_AVAILABILITY = YES_AGGRESSIVE;
				CLANG_WARN_UNREACHABLE_CODE = YES;
				CLANG_WARN__DUPLICATE_METHOD_MATCH = YES;
				COPY_PHASE_STRIP = NO;
				DEBUG_INFORMATION_FORMAT = dwarf;
				ENABLE_STRICT_OBJC_MSGSEND = YES;
				ENABLE_TESTABILITY = YES;
				GCC_C_LANGUAGE_STANDARD = gnu11;
				GCC_DYNAMIC_NO_PIC = NO;
				GCC_NO_COMMON_BLOCKS = YES;
				GCC_OPTIMIZATION_LEVEL = 0;
				GCC_PREPROCESSOR_DEFINITIONS = (
					"DEBUG=1",
					"$(inherited)",
				);
				GCC_WARN_64_TO_32_BIT_CONVERSION = YES;
				GCC_WARN_ABOUT_RETURN_TYPE = YES_ERROR;
				GCC_WARN_UNDECLARED_SELECTOR = YES;
				GCC_WARN_UNINITIALIZED_AUTOS = YES_AGGRESSIVE;
				GCC_WARN_UNUSED_FUNCTION = YES;
				GCC_WARN_UNUSED_VARIABLE = YES;
				IPHONEOS_DEPLOYMENT_TARGET = 15.5;
				MTL_ENABLE_DEBUG_INFO = INCLUDE_SOURCE;
				MTL_FAST_MATH = YES;
				ONLY_ACTIVE_ARCH = YES;
				SDKROOT = iphoneos;
				SWIFT_ACTIVE_COMPILATION_CONDITIONS = DEBUG;
				SWIFT_OPTIMIZATION_LEVEL = "-Onone";
			};
			name = Debug;
		};
		244C96942854862B006F2A51 /* Release */ = {
			isa = XCBuildConfiguration;
			buildSettings = {
				ALWAYS_SEARCH_USER_PATHS = NO;
				CLANG_ANALYZER_NONNULL = YES;
				CLANG_ANALYZER_NUMBER_OBJECT_CONVERSION = YES_AGGRESSIVE;
				CLANG_CXX_LANGUAGE_STANDARD = "gnu++17";
				CLANG_ENABLE_MODULES = YES;
				CLANG_ENABLE_OBJC_ARC = YES;
				CLANG_ENABLE_OBJC_WEAK = YES;
				CLANG_WARN_BLOCK_CAPTURE_AUTORELEASING = YES;
				CLANG_WARN_BOOL_CONVERSION = YES;
				CLANG_WARN_COMMA = YES;
				CLANG_WARN_CONSTANT_CONVERSION = YES;
				CLANG_WARN_DEPRECATED_OBJC_IMPLEMENTATIONS = YES;
				CLANG_WARN_DIRECT_OBJC_ISA_USAGE = YES_ERROR;
				CLANG_WARN_DOCUMENTATION_COMMENTS = YES;
				CLANG_WARN_EMPTY_BODY = YES;
				CLANG_WARN_ENUM_CONVERSION = YES;
				CLANG_WARN_INFINITE_RECURSION = YES;
				CLANG_WARN_INT_CONVERSION = YES;
				CLANG_WARN_NON_LITERAL_NULL_CONVERSION = YES;
				CLANG_WARN_OBJC_IMPLICIT_RETAIN_SELF = YES;
				CLANG_WARN_OBJC_LITERAL_CONVERSION = YES;
				CLANG_WARN_OBJC_ROOT_CLASS = YES_ERROR;
				CLANG_WARN_QUOTED_INCLUDE_IN_FRAMEWORK_HEADER = YES;
				CLANG_WARN_RANGE_LOOP_ANALYSIS = YES;
				CLANG_WARN_STRICT_PROTOTYPES = YES;
				CLANG_WARN_SUSPICIOUS_MOVE = YES;
				CLANG_WARN_UNGUARDED_AVAILABILITY = YES_AGGRESSIVE;
				CLANG_WARN_UNREACHABLE_CODE = YES;
				CLANG_WARN__DUPLICATE_METHOD_MATCH = YES;
				COPY_PHASE_STRIP = NO;
				DEBUG_INFORMATION_FORMAT = "dwarf-with-dsym";
				ENABLE_NS_ASSERTIONS = NO;
				ENABLE_STRICT_OBJC_MSGSEND = YES;
				GCC_C_LANGUAGE_STANDARD = gnu11;
				GCC_NO_COMMON_BLOCKS = YES;
				GCC_WARN_64_TO_32_BIT_CONVERSION = YES;
				GCC_WARN_ABOUT_RETURN_TYPE = YES_ERROR;
				GCC_WARN_UNDECLARED_SELECTOR = YES;
				GCC_WARN_UNINITIALIZED_AUTOS = YES_AGGRESSIVE;
				GCC_WARN_UNUSED_FUNCTION = YES;
				GCC_WARN_UNUSED_VARIABLE = YES;
				IPHONEOS_DEPLOYMENT_TARGET = 15.5;
				MTL_ENABLE_DEBUG_INFO = NO;
				MTL_FAST_MATH = YES;
				SDKROOT = iphoneos;
				SWIFT_COMPILATION_MODE = wholemodule;
				SWIFT_OPTIMIZATION_LEVEL = "-O";
				VALIDATE_PRODUCT = YES;
			};
			name = Release;
		};
		244C96962854862B006F2A51 /* Debug */ = {
			isa = XCBuildConfiguration;
			buildSettings = {
				ASSETCATALOG_COMPILER_APPICON_NAME = AppIcon;
				ASSETCATALOG_COMPILER_GLOBAL_ACCENT_COLOR_NAME = AccentColor;
				CODE_SIGN_STYLE = Automatic;
				CURRENT_PROJECT_VERSION = 1;
				DEVELOPMENT_ASSET_PATHS = "\"Shoes4u/Preview Content\"";
				DEVELOPMENT_TEAM = 6UN6NNXQ8S;
				ENABLE_PREVIEWS = YES;
				GENERATE_INFOPLIST_FILE = YES;
				INFOPLIST_FILE = Shoes4u/Info.plist;
				INFOPLIST_KEY_UIApplicationSceneManifest_Generation = YES;
				INFOPLIST_KEY_UIApplicationSupportsIndirectInputEvents = YES;
				INFOPLIST_KEY_UILaunchScreen_Generation = YES;
				INFOPLIST_KEY_UISupportedInterfaceOrientations_iPad = "UIInterfaceOrientationPortrait UIInterfaceOrientationPortraitUpsideDown UIInterfaceOrientationLandscapeLeft UIInterfaceOrientationLandscapeRight";
				INFOPLIST_KEY_UISupportedInterfaceOrientations_iPhone = "UIInterfaceOrientationPortrait UIInterfaceOrientationLandscapeLeft UIInterfaceOrientationLandscapeRight";
				LD_RUNPATH_SEARCH_PATHS = (
					"$(inherited)",
					"@executable_path/Frameworks",
				);
				MARKETING_VERSION = 1.0;
				PRODUCT_BUNDLE_IDENTIFIER = com.guardiaimperial.shoes4u.Shoes4u;
				PRODUCT_NAME = "$(TARGET_NAME)";
				SWIFT_EMIT_LOC_STRINGS = YES;
				SWIFT_VERSION = 5.0;
				TARGETED_DEVICE_FAMILY = "1,2";
			};
			name = Debug;
		};
		244C96972854862B006F2A51 /* Release */ = {
			isa = XCBuildConfiguration;
			buildSettings = {
				ASSETCATALOG_COMPILER_APPICON_NAME = AppIcon;
				ASSETCATALOG_COMPILER_GLOBAL_ACCENT_COLOR_NAME = AccentColor;
				CODE_SIGN_STYLE = Automatic;
				CURRENT_PROJECT_VERSION = 1;
				DEVELOPMENT_ASSET_PATHS = "\"Shoes4u/Preview Content\"";
				DEVELOPMENT_TEAM = 6UN6NNXQ8S;
				ENABLE_PREVIEWS = YES;
				GENERATE_INFOPLIST_FILE = YES;
				INFOPLIST_FILE = Shoes4u/Info.plist;
				INFOPLIST_KEY_UIApplicationSceneManifest_Generation = YES;
				INFOPLIST_KEY_UIApplicationSupportsIndirectInputEvents = YES;
				INFOPLIST_KEY_UILaunchScreen_Generation = YES;
				INFOPLIST_KEY_UISupportedInterfaceOrientations_iPad = "UIInterfaceOrientationPortrait UIInterfaceOrientationPortraitUpsideDown UIInterfaceOrientationLandscapeLeft UIInterfaceOrientationLandscapeRight";
				INFOPLIST_KEY_UISupportedInterfaceOrientations_iPhone = "UIInterfaceOrientationPortrait UIInterfaceOrientationLandscapeLeft UIInterfaceOrientationLandscapeRight";
				LD_RUNPATH_SEARCH_PATHS = (
					"$(inherited)",
					"@executable_path/Frameworks",
				);
				MARKETING_VERSION = 1.0;
				PRODUCT_BUNDLE_IDENTIFIER = com.guardiaimperial.shoes4u.Shoes4u;
				PRODUCT_NAME = "$(TARGET_NAME)";
				SWIFT_EMIT_LOC_STRINGS = YES;
				SWIFT_VERSION = 5.0;
				TARGETED_DEVICE_FAMILY = "1,2";
			};
			name = Release;
		};
		244C96992854862B006F2A51 /* Debug */ = {
			isa = XCBuildConfiguration;
			buildSettings = {
				ALWAYS_EMBED_SWIFT_STANDARD_LIBRARIES = YES;
				BUNDLE_LOADER = "$(TEST_HOST)";
				CODE_SIGN_STYLE = Automatic;
				CURRENT_PROJECT_VERSION = 1;
				GENERATE_INFOPLIST_FILE = YES;
				IPHONEOS_DEPLOYMENT_TARGET = 15.5;
				MARKETING_VERSION = 1.0;
				PRODUCT_BUNDLE_IDENTIFIER = com.guardiaimperial.shoes4u.Shoes4uTests;
				PRODUCT_NAME = "$(TARGET_NAME)";
				SWIFT_EMIT_LOC_STRINGS = NO;
				SWIFT_VERSION = 5.0;
				TARGETED_DEVICE_FAMILY = "1,2";
				TEST_HOST = "$(BUILT_PRODUCTS_DIR)/Shoes4u.app/Shoes4u";
			};
			name = Debug;
		};
		244C969A2854862B006F2A51 /* Release */ = {
			isa = XCBuildConfiguration;
			buildSettings = {
				ALWAYS_EMBED_SWIFT_STANDARD_LIBRARIES = YES;
				BUNDLE_LOADER = "$(TEST_HOST)";
				CODE_SIGN_STYLE = Automatic;
				CURRENT_PROJECT_VERSION = 1;
				GENERATE_INFOPLIST_FILE = YES;
				IPHONEOS_DEPLOYMENT_TARGET = 15.5;
				MARKETING_VERSION = 1.0;
				PRODUCT_BUNDLE_IDENTIFIER = com.guardiaimperial.shoes4u.Shoes4uTests;
				PRODUCT_NAME = "$(TARGET_NAME)";
				SWIFT_EMIT_LOC_STRINGS = NO;
				SWIFT_VERSION = 5.0;
				TARGETED_DEVICE_FAMILY = "1,2";
				TEST_HOST = "$(BUILT_PRODUCTS_DIR)/Shoes4u.app/Shoes4u";
			};
			name = Release;
		};
		244C969C2854862B006F2A51 /* Debug */ = {
			isa = XCBuildConfiguration;
			buildSettings = {
				ALWAYS_EMBED_SWIFT_STANDARD_LIBRARIES = YES;
				CODE_SIGN_STYLE = Automatic;
				CURRENT_PROJECT_VERSION = 1;
				GENERATE_INFOPLIST_FILE = YES;
				MARKETING_VERSION = 1.0;
				PRODUCT_BUNDLE_IDENTIFIER = com.guardiaimperial.shoes4u.Shoes4uUITests;
				PRODUCT_NAME = "$(TARGET_NAME)";
				SWIFT_EMIT_LOC_STRINGS = NO;
				SWIFT_VERSION = 5.0;
				TARGETED_DEVICE_FAMILY = "1,2";
				TEST_TARGET_NAME = Shoes4u;
			};
			name = Debug;
		};
		244C969D2854862B006F2A51 /* Release */ = {
			isa = XCBuildConfiguration;
			buildSettings = {
				ALWAYS_EMBED_SWIFT_STANDARD_LIBRARIES = YES;
				CODE_SIGN_STYLE = Automatic;
				CURRENT_PROJECT_VERSION = 1;
				GENERATE_INFOPLIST_FILE = YES;
				MARKETING_VERSION = 1.0;
				PRODUCT_BUNDLE_IDENTIFIER = com.guardiaimperial.shoes4u.Shoes4uUITests;
				PRODUCT_NAME = "$(TARGET_NAME)";
				SWIFT_EMIT_LOC_STRINGS = NO;
				SWIFT_VERSION = 5.0;
				TARGETED_DEVICE_FAMILY = "1,2";
				TEST_TARGET_NAME = Shoes4u;
			};
			name = Release;
		};
/* End XCBuildConfiguration section */

/* Begin XCConfigurationList section */
		244C966C28548625006F2A51 /* Build configuration list for PBXProject "Shoes4u" */ = {
			isa = XCConfigurationList;
			buildConfigurations = (
				244C96932854862B006F2A51 /* Debug */,
				244C96942854862B006F2A51 /* Release */,
			);
			defaultConfigurationIsVisible = 0;
			defaultConfigurationName = Release;
		};
		244C96952854862B006F2A51 /* Build configuration list for PBXNativeTarget "Shoes4u" */ = {
			isa = XCConfigurationList;
			buildConfigurations = (
				244C96962854862B006F2A51 /* Debug */,
				244C96972854862B006F2A51 /* Release */,
			);
			defaultConfigurationIsVisible = 0;
			defaultConfigurationName = Release;
		};
		244C96982854862B006F2A51 /* Build configuration list for PBXNativeTarget "Shoes4uTests" */ = {
			isa = XCConfigurationList;
			buildConfigurations = (
				244C96992854862B006F2A51 /* Debug */,
				244C969A2854862B006F2A51 /* Release */,
			);
			defaultConfigurationIsVisible = 0;
			defaultConfigurationName = Release;
		};
		244C969B2854862B006F2A51 /* Build configuration list for PBXNativeTarget "Shoes4uUITests" */ = {
			isa = XCConfigurationList;
			buildConfigurations = (
				244C969C2854862B006F2A51 /* Debug */,
				244C969D2854862B006F2A51 /* Release */,
			);
			defaultConfigurationIsVisible = 0;
			defaultConfigurationName = Release;
		};
/* End XCConfigurationList section */

/* Begin XCRemoteSwiftPackageReference section */
		0BA5D0082858DD70009F7BCB /* XCRemoteSwiftPackageReference "firebase-ios-sdk" */ = {
			isa = XCRemoteSwiftPackageReference;
			repositoryURL = "https://github.com/firebase/firebase-ios-sdk.git";
			requirement = {
				kind = upToNextMajorVersion;
				minimumVersion = 9.0.0;
			};
		};
		244C969F28548883006F2A51 /* XCRemoteSwiftPackageReference "keychain-swift" */ = {
			isa = XCRemoteSwiftPackageReference;
			repositoryURL = "https://github.com/evgenyneu/keychain-swift";
			requirement = {
				branch = master;
				kind = branch;
			};
		};
/* End XCRemoteSwiftPackageReference section */

/* Begin XCSwiftPackageProductDependency section */
		0B784CC92875B2D700E00B6B /* FirebaseFirestore */ = {
			isa = XCSwiftPackageProductDependency;
			package = 0BA5D0082858DD70009F7BCB /* XCRemoteSwiftPackageReference "firebase-ios-sdk" */;
			productName = FirebaseFirestore;
		};
		0BA5D0092858DD70009F7BCB /* FirebaseAnalytics */ = {
			isa = XCSwiftPackageProductDependency;
			package = 0BA5D0082858DD70009F7BCB /* XCRemoteSwiftPackageReference "firebase-ios-sdk" */;
			productName = FirebaseAnalytics;
		};
		0BA5D00B2858DD70009F7BCB /* FirebaseAnalyticsSwift */ = {
			isa = XCSwiftPackageProductDependency;
			package = 0BA5D0082858DD70009F7BCB /* XCRemoteSwiftPackageReference "firebase-ios-sdk" */;
			productName = FirebaseAnalyticsSwift;
		};
		0BA5D0102858E5BE009F7BCB /* FirebaseAuth */ = {
			isa = XCSwiftPackageProductDependency;
			package = 0BA5D0082858DD70009F7BCB /* XCRemoteSwiftPackageReference "firebase-ios-sdk" */;
			productName = FirebaseAuth;
		};
		24271780288444C200504F95 /* FirebaseFirestore */ = {
			isa = XCSwiftPackageProductDependency;
			package = 0BA5D0082858DD70009F7BCB /* XCRemoteSwiftPackageReference "firebase-ios-sdk" */;
			productName = FirebaseFirestore;
		};
		244C96A028548883006F2A51 /* KeychainSwift */ = {
			isa = XCSwiftPackageProductDependency;
			package = 244C969F28548883006F2A51 /* XCRemoteSwiftPackageReference "keychain-swift" */;
			productName = KeychainSwift;
		};
		24FA8D3A2886084700CECADF /* FirebaseFirestoreSwift */ = {
			isa = XCSwiftPackageProductDependency;
			package = 0BA5D0082858DD70009F7BCB /* XCRemoteSwiftPackageReference "firebase-ios-sdk" */;
			productName = FirebaseFirestoreSwift;
		};
/* End XCSwiftPackageProductDependency section */
	};
	rootObject = 244C966928548625006F2A51 /* Project object */;
}
